
Microsoft Visual Studio Solution File, Format Version 12.00
# Visual Studio Version 17
VisualStudioVersion = 17.5.002.0
MinimumVisualStudioVersion = 10.0.40219.1
Project("{9A19103F-16F7-4668-BE54-9A1E7A4F7556}") = "console-dotnet", "console-dotnet.csproj", "{5FA8AC2E-2FCE-45BB-BCBC-27ABB15EDA5E}"
EndProject
Global
	GlobalSection(SolutionConfigurationPlatforms) = preSolution
		Debug|Any CPU = Debug|Any CPU
		Release|Any CPU = Release|Any CPU
	EndGlobalSection
	GlobalSection(ProjectConfigurationPlatforms) = postSolution
		{5FA8AC2E-2FCE-45BB-BCBC-27ABB15EDA5E}.Debug|Any CPU.ActiveCfg = Debug|Any CPU
		{5FA8AC2E-2FCE-45BB-BCBC-27ABB15EDA5E}.Debug|Any CPU.Build.0 = Debug|Any CPU
		{5FA8AC2E-2FCE-45BB-BCBC-27ABB15EDA5E}.Release|Any CPU.ActiveCfg = Release|Any CPU
		{5FA8AC2E-2FCE-45BB-BCBC-27ABB15EDA5E}.Release|Any CPU.Build.0 = Release|Any CPU
	EndGlobalSection
	GlobalSection(SolutionProperties) = preSolution
		HideSolutionNode = FALSE
	EndGlobalSection
	GlobalSection(ExtensibilityGlobals) = postSolution
		SolutionGuid = {627A2CA7-8667-4704-AFF1-96E700A6DF0B}
	EndGlobalSection
EndGlobal
